
Microsoft Visual Studio Solution File, Format Version 12.00
# Visual Studio Version 16
VisualStudioVersion = 16.0.29102.190
MinimumVisualStudioVersion = 10.0.40219.1
Project("{9A19103F-16F7-4668-BE54-9A1E7A4F7556}") = "01_StorageAccount", "01_StorageAccount\01_StorageAccount.csproj", "{99C66BFC-F7D8-4CE3-B429-B87C282CDB1E}"
EndProject
Project("{9A19103F-16F7-4668-BE54-9A1E7A4F7556}") = "02_VirtualMachine", "02_VirtualMachine\02_VirtualMachine.csproj", "{65DDAB3F-99AF-4FDD-8977-E36563C81A3B}"
EndProject
Global
	GlobalSection(SolutionConfigurationPlatforms) = preSolution
		Debug|Any CPU = Debug|Any CPU
		Release|Any CPU = Release|Any CPU
	EndGlobalSection
	GlobalSection(ProjectConfigurationPlatforms) = postSolution
		{99C66BFC-F7D8-4CE3-B429-B87C282CDB1E}.Debug|Any CPU.ActiveCfg = Debug|Any CPU
		{99C66BFC-F7D8-4CE3-B429-B87C282CDB1E}.Debug|Any CPU.Build.0 = Debug|Any CPU
		{99C66BFC-F7D8-4CE3-B429-B87C282CDB1E}.Release|Any CPU.ActiveCfg = Release|Any CPU
		{99C66BFC-F7D8-4CE3-B429-B87C282CDB1E}.Release|Any CPU.Build.0 = Release|Any CPU
		{65DDAB3F-99AF-4FDD-8977-E36563C81A3B}.Debug|Any CPU.ActiveCfg = Debug|Any CPU
		{65DDAB3F-99AF-4FDD-8977-E36563C81A3B}.Debug|Any CPU.Build.0 = Debug|Any CPU
		{65DDAB3F-99AF-4FDD-8977-E36563C81A3B}.Release|Any CPU.ActiveCfg = Release|Any CPU
		{65DDAB3F-99AF-4FDD-8977-E36563C81A3B}.Release|Any CPU.Build.0 = Release|Any CPU
	EndGlobalSection
	GlobalSection(SolutionProperties) = preSolution
		HideSolutionNode = FALSE
	EndGlobalSection
	GlobalSection(ExtensibilityGlobals) = postSolution
		SolutionGuid = {8D0CD7F3-7BBF-409B-9A33-91000F8078C7}
	EndGlobalSection
EndGlobal
